
Microsoft Visual Studio Solution File, Format Version 10.00
# Visual Studio 2008
Project("{FAE04EC0-301F-11D3-BF4B-00C04F79EFBC}") = "LPSClientSklad", "LPSClientSklad\LPSClientSklad.csproj", "{77812BE6-3292-4211-AF0A-E9E6B9978652}"
EndProject
Project("{FAE04EC0-301F-11D3-BF4B-00C04F79EFBC}") = "LPSClientShared", "LPSClientShared\LPSClientShared.csproj", "{D2317E65-70CE-4367-B1A7-211FD6044720}"
EndProject
Project("{FAE04EC0-301F-11D3-BF4B-00C04F79EFBC}") = "LPSClientSharedGUI", "LPSClientSharedGUI\LPSClientSharedGUI.csproj", "{32418C8F-DD0F-40F8-AA83-ABC13A93FA51}"
EndProject
Project("{FAE04EC0-301F-11D3-BF4B-00C04F79EFBC}") = "Npgsql", "contrib\Npgsql\Npgsql.csproj", "{547058A0-1F2E-4E0B-98D4-294B8C0D85A7}"
EndProject
Project("{FAE04EC0-301F-11D3-BF4B-00C04F79EFBC}") = "LPSServer", "LPSServer\LPSServer.csproj", "{4F31D29F-031C-4F3A-B735-0566275755F7}"
EndProject
Project("{FAE04EC0-301F-11D3-BF4B-00C04F79EFBC}") = "ImportHelper", "ImportHelper\ImportHelper.csproj", "{F31B07F0-C6F6-4190-B12F-8EFD2C9EC5AE}"
EndProject
Project("{FAE04EC0-301F-11D3-BF4B-00C04F79EFBC}") = "LPSShared", "LPSShared\LPSShared.csproj", "{6A58E0DF-970C-4DFA-B7E3-6F57A283A371}"
EndProject
Project("{FAE04EC0-301F-11D3-BF4B-00C04F79EFBC}") = "CalithaLibrary", "contrib\CalithaGoldParser\CalithaLib\CalithaLibrary.csproj", "{9E8F8FBC-29C0-4DCB-83CE-058AA757D570}"
EndProject
Project("{FAE04EC0-301F-11D3-BF4B-00C04F79EFBC}") = "GoldParserEngine", "contrib\CalithaGoldParser\GoldParserEngine\GoldParserEngine.csproj", "{837DC4CB-4BEA-4171-8366-A1AA6207F576}"
EndProject
Project("{FAE04EC0-301F-11D3-BF4B-00C04F79EFBC}") = "LPSParser", "LPSParser\LPSParser.csproj", "{EA93C136-1964-4122-B619-0EBB3462938F}"
EndProject
Project("{FAE04EC0-301F-11D3-BF4B-00C04F79EFBC}") = "LPSParserTest", "LPSParserTest\LPSParserTest.csproj", "{8E3F1A47-D005-4D9A-B810-0C6B8508C54D}"
EndProject
Project("{FAE04EC0-301F-11D3-BF4B-00C04F79EFBC}") = "LPSUtil", "LPSUtil\LPSUtil.csproj", "{794C8AFA-18CF-4E67-9B8D-353BA68BDEC7}"
EndProject
Global
	GlobalSection(SolutionConfigurationPlatforms) = preSolution
		Debug|x86 = Debug|x86
		Release|x86 = Release|x86
		StronglyNamedAssembly|Any CPU = StronglyNamedAssembly|Any CPU
		Documentation|Any CPU = Documentation|Any CPU
	EndGlobalSection
	GlobalSection(ProjectConfigurationPlatforms) = postSolution
		{32418C8F-DD0F-40F8-AA83-ABC13A93FA51}.Debug|x86.ActiveCfg = Debug|Any CPU
		{32418C8F-DD0F-40F8-AA83-ABC13A93FA51}.Debug|x86.Build.0 = Debug|Any CPU
		{32418C8F-DD0F-40F8-AA83-ABC13A93FA51}.Release|x86.ActiveCfg = Release|Any CPU
		{32418C8F-DD0F-40F8-AA83-ABC13A93FA51}.Release|x86.Build.0 = Release|Any CPU
		{4F31D29F-031C-4F3A-B735-0566275755F7}.Debug|x86.ActiveCfg = Debug|Any CPU
		{4F31D29F-031C-4F3A-B735-0566275755F7}.Debug|x86.Build.0 = Debug|Any CPU
		{4F31D29F-031C-4F3A-B735-0566275755F7}.Release|x86.ActiveCfg = Release|Any CPU
		{4F31D29F-031C-4F3A-B735-0566275755F7}.Release|x86.Build.0 = Release|Any CPU
		{547058A0-1F2E-4E0B-98D4-294B8C0D85A7}.Debug|x86.ActiveCfg = Debug|Any CPU
		{547058A0-1F2E-4E0B-98D4-294B8C0D85A7}.Debug|x86.Build.0 = Debug|Any CPU
		{547058A0-1F2E-4E0B-98D4-294B8C0D85A7}.Release|x86.ActiveCfg = Release|Any CPU
		{547058A0-1F2E-4E0B-98D4-294B8C0D85A7}.Release|x86.Build.0 = Release|Any CPU
		{6A58E0DF-970C-4DFA-B7E3-6F57A283A371}.Debug|x86.ActiveCfg = Debug|Any CPU
		{6A58E0DF-970C-4DFA-B7E3-6F57A283A371}.Debug|x86.Build.0 = Debug|Any CPU
		{6A58E0DF-970C-4DFA-B7E3-6F57A283A371}.Release|x86.ActiveCfg = Release|Any CPU
		{6A58E0DF-970C-4DFA-B7E3-6F57A283A371}.Release|x86.Build.0 = Release|Any CPU
		{77812BE6-3292-4211-AF0A-E9E6B9978652}.Debug|x86.ActiveCfg = Debug|x86
		{77812BE6-3292-4211-AF0A-E9E6B9978652}.Debug|x86.Build.0 = Debug|x86
		{77812BE6-3292-4211-AF0A-E9E6B9978652}.Release|x86.ActiveCfg = Release|x86
		{77812BE6-3292-4211-AF0A-E9E6B9978652}.Release|x86.Build.0 = Release|x86
		{794C8AFA-18CF-4E67-9B8D-353BA68BDEC7}.Debug|x86.ActiveCfg = Debug|x86
		{794C8AFA-18CF-4E67-9B8D-353BA68BDEC7}.Debug|x86.Build.0 = Debug|x86
		{794C8AFA-18CF-4E67-9B8D-353BA68BDEC7}.Documentation|Any CPU.ActiveCfg = Debug|x86
		{794C8AFA-18CF-4E67-9B8D-353BA68BDEC7}.Documentation|Any CPU.Build.0 = Debug|x86
		{794C8AFA-18CF-4E67-9B8D-353BA68BDEC7}.Release|x86.ActiveCfg = Release|x86
		{794C8AFA-18CF-4E67-9B8D-353BA68BDEC7}.Release|x86.Build.0 = Release|x86
		{794C8AFA-18CF-4E67-9B8D-353BA68BDEC7}.StronglyNamedAssembly|Any CPU.ActiveCfg = Debug|x86
		{794C8AFA-18CF-4E67-9B8D-353BA68BDEC7}.StronglyNamedAssembly|Any CPU.Build.0 = Debug|x86
		{837DC4CB-4BEA-4171-8366-A1AA6207F576}.Debug|x86.ActiveCfg = Debug|Any CPU
		{837DC4CB-4BEA-4171-8366-A1AA6207F576}.Debug|x86.Build.0 = Debug|Any CPU
		{837DC4CB-4BEA-4171-8366-A1AA6207F576}.Documentation|Any CPU.ActiveCfg = Documentation|Any CPU
		{837DC4CB-4BEA-4171-8366-A1AA6207F576}.Documentation|Any CPU.Build.0 = Documentation|Any CPU
		{837DC4CB-4BEA-4171-8366-A1AA6207F576}.Release|x86.ActiveCfg = Release|Any CPU
		{837DC4CB-4BEA-4171-8366-A1AA6207F576}.Release|x86.Build.0 = Release|Any CPU
		{837DC4CB-4BEA-4171-8366-A1AA6207F576}.StronglyNamedAssembly|Any CPU.ActiveCfg = StronglyNamedAssembly|Any CPU
		{837DC4CB-4BEA-4171-8366-A1AA6207F576}.StronglyNamedAssembly|Any CPU.Build.0 = StronglyNamedAssembly|Any CPU
		{8E3F1A47-D005-4D9A-B810-0C6B8508C54D}.Debug|x86.ActiveCfg = Debug|Any CPU
		{8E3F1A47-D005-4D9A-B810-0C6B8508C54D}.Debug|x86.Build.0 = Debug|Any CPU
		{8E3F1A47-D005-4D9A-B810-0C6B8508C54D}.Documentation|Any CPU.ActiveCfg = Debug|Any CPU
		{8E3F1A47-D005-4D9A-B810-0C6B8508C54D}.Documentation|Any CPU.Build.0 = Debug|Any CPU
		{8E3F1A47-D005-4D9A-B810-0C6B8508C54D}.Release|x86.ActiveCfg = Release|Any CPU
		{8E3F1A47-D005-4D9A-B810-0C6B8508C54D}.Release|x86.Build.0 = Release|Any CPU
		{8E3F1A47-D005-4D9A-B810-0C6B8508C54D}.StronglyNamedAssembly|Any CPU.ActiveCfg = Debug|Any CPU
		{8E3F1A47-D005-4D9A-B810-0C6B8508C54D}.StronglyNamedAssembly|Any CPU.Build.0 = Debug|Any CPU
		{9E8F8FBC-29C0-4DCB-83CE-058AA757D570}.Debug|x86.ActiveCfg = Debug|Any CPU
		{9E8F8FBC-29C0-4DCB-83CE-058AA757D570}.Debug|x86.Build.0 = Debug|Any CPU
		{9E8F8FBC-29C0-4DCB-83CE-058AA757D570}.Documentation|Any CPU.ActiveCfg = Documentation|Any CPU
		{9E8F8FBC-29C0-4DCB-83CE-058AA757D570}.Documentation|Any CPU.Build.0 = Documentation|Any CPU
		{9E8F8FBC-29C0-4DCB-83CE-058AA757D570}.Release|x86.ActiveCfg = Release|Any CPU
		{9E8F8FBC-29C0-4DCB-83CE-058AA757D570}.Release|x86.Build.0 = Release|Any CPU
		{9E8F8FBC-29C0-4DCB-83CE-058AA757D570}.StronglyNamedAssembly|Any CPU.ActiveCfg = StronglyNamedAssembly|Any CPU
		{9E8F8FBC-29C0-4DCB-83CE-058AA757D570}.StronglyNamedAssembly|Any CPU.Build.0 = StronglyNamedAssembly|Any CPU
		{D2317E65-70CE-4367-B1A7-211FD6044720}.Debug|x86.ActiveCfg = Debug|Any CPU
		{D2317E65-70CE-4367-B1A7-211FD6044720}.Debug|x86.Build.0 = Debug|Any CPU
		{D2317E65-70CE-4367-B1A7-211FD6044720}.Release|x86.ActiveCfg = Release|Any CPU
		{D2317E65-70CE-4367-B1A7-211FD6044720}.Release|x86.Build.0 = Release|Any CPU
		{EA93C136-1964-4122-B619-0EBB3462938F}.Debug|x86.ActiveCfg = Debug|Any CPU
		{EA93C136-1964-4122-B619-0EBB3462938F}.Debug|x86.Build.0 = Debug|Any CPU
		{EA93C136-1964-4122-B619-0EBB3462938F}.Documentation|Any CPU.ActiveCfg = Debug|Any CPU
		{EA93C136-1964-4122-B619-0EBB3462938F}.Documentation|Any CPU.Build.0 = Debug|Any CPU
		{EA93C136-1964-4122-B619-0EBB3462938F}.Release|x86.ActiveCfg = Release|Any CPU
		{EA93C136-1964-4122-B619-0EBB3462938F}.Release|x86.Build.0 = Release|Any CPU
		{EA93C136-1964-4122-B619-0EBB3462938F}.StronglyNamedAssembly|Any CPU.ActiveCfg = Debug|Any CPU
		{EA93C136-1964-4122-B619-0EBB3462938F}.StronglyNamedAssembly|Any CPU.Build.0 = Debug|Any CPU
		{F31B07F0-C6F6-4190-B12F-8EFD2C9EC5AE}.Debug|x86.ActiveCfg = Debug|x86
		{F31B07F0-C6F6-4190-B12F-8EFD2C9EC5AE}.Debug|x86.Build.0 = Debug|x86
		{F31B07F0-C6F6-4190-B12F-8EFD2C9EC5AE}.Release|x86.ActiveCfg = Release|x86
		{F31B07F0-C6F6-4190-B12F-8EFD2C9EC5AE}.Release|x86.Build.0 = Release|x86
	EndGlobalSection
	GlobalSection(MonoDevelopProperties) = preSolution
		StartupItem = LPSClientSklad\LPSClientSklad.csproj
		Policies = $0
		$0.DotNetNamingPolicy = $1
		$1.DirectoryNamespaceAssociation = None
		$1.ResourceNamePolicy = FileFormatDefault
		$0.TextStylePolicy = $2
		$2.inheritsSet = null
		$2.scope = text/html
		$0.TextStylePolicy = $3
		$3.inheritsSet = null
		$3.scope = application/config+xml
		$0.TextStylePolicy = $4
		$4.inheritsSet = null
		$4.scope = image/svg+xml
		$0.TextStylePolicy = $5
		$5.inheritsSet = null
		$5.scope = application/xml
		$0.TextStylePolicy = $6
		$6.inheritsSet = null
		$6.scope = application/x-asmx
		$0.TextStylePolicy = $7
		$7.inheritsSet = null
		$7.scope = application/x-resource
		$0.TextStylePolicy = $8
		$8.inheritsSet = null
		$8.scope = application/glade+xml
		$0.TextStylePolicy = $9
		$9.FileWidth = 120
		$9.TabWidth = 4
		$9.RemoveTrailingWhitespace = True
		$9.inheritsSet = Mono
		$9.inheritsScope = text/plain
		$9.scope = text/plain
		$0.TextStylePolicy = $10
		$10.inheritsSet = null
		$10.scope = text/x-csharp
		$0.CSharpFormattingPolicy = $11
		$11.IndentSwitchBody = True
		$11.AnonymousMethodBraceStyle = NextLine
		$11.PropertyBraceStyle = NextLine
		$11.PropertyGetBraceStyle = NextLine
		$11.PropertySetBraceStyle = NextLine
		$11.EventBraceStyle = NextLine
		$11.EventAddBraceStyle = NextLine
		$11.EventRemoveBraceStyle = NextLine
		$11.StatementBraceStyle = NextLine
		$11.PlaceElseIfOnNewLine = True
		$11.PlaceCatchOnNewLine = True
		$11.PlaceFinallyOnNewLine = True
		$11.BeforeMethodCallParentheses = False
		$11.BeforeMethodDeclarationParentheses = False
		$11.BeforeConstructorDeclarationParentheses = False
		$11.BeforeDelegateDeclarationParentheses = False
		$11.NewParentheses = False
		$11.IfParentheses = False
		$11.WhileParentheses = False
		$11.ForParentheses = False
		$11.ForeachParentheses = False
		$11.CatchParentheses = False
		$11.SwitchParentheses = False
		$11.LockParentheses = False
		$11.UsingParentheses = False
		$11.AroundAdditiveOperatorParentheses = False
		$11.ConditionalOperatorBeforeConditionSpace = False
		$11.ConditionalOperatorAfterConditionSpace = False
		$11.ConditionalOperatorBeforeSeparatorSpace = False
		$11.ConditionalOperatorAfterSeparatorSpace = False
		$11.SpacesAfterTypecast = True
		$11.inheritsSet = Mono
		$11.inheritsScope = text/x-csharp
		$11.scope = text/x-csharp
		$0.TextStylePolicy = $12
		$12.inheritsSet = null
		$12.scope = text/x-sql
	EndGlobalSection
EndGlobal
