
Microsoft Visual Studio Solution File, Format Version 10.00
# Visual Studio 2008
Project("{FAE04EC0-301F-11D3-BF4B-00C04F79EFBC}") = "LPSClientSklad", "LPSClientSklad\LPSClientSklad.csproj", "{77812BE6-3292-4211-AF0A-E9E6B9978652}"
EndProject
Project("{FAE04EC0-301F-11D3-BF4B-00C04F79EFBC}") = "LPSShared", "LPSShared\LPSShared.csproj", "{6A58E0DF-970C-4DFA-B7E3-6F57A283A371}"
EndProject
Project("{FAE04EC0-301F-11D3-BF4B-00C04F79EFBC}") = "LPSClientShared", "LPSClientShared\LPSClientShared.csproj", "{D2317E65-70CE-4367-B1A7-211FD6044720}"
EndProject
Project("{FAE04EC0-301F-11D3-BF4B-00C04F79EFBC}") = "LPSClientSharedGUI", "LPSClientSharedGUI\LPSClientSharedGUI.csproj", "{32418C8F-DD0F-40F8-AA83-ABC13A93FA51}"
EndProject
Global
	GlobalSection(SolutionConfigurationPlatforms) = preSolution
		Debug|x86 = Debug|x86
		Release|x86 = Release|x86
	EndGlobalSection
	GlobalSection(ProjectConfigurationPlatforms) = postSolution
		{32418C8F-DD0F-40F8-AA83-ABC13A93FA51}.Debug|x86.ActiveCfg = Debug|Any CPU
		{32418C8F-DD0F-40F8-AA83-ABC13A93FA51}.Debug|x86.Build.0 = Debug|Any CPU
		{32418C8F-DD0F-40F8-AA83-ABC13A93FA51}.Release|x86.ActiveCfg = Release|Any CPU
		{32418C8F-DD0F-40F8-AA83-ABC13A93FA51}.Release|x86.Build.0 = Release|Any CPU
		{6A58E0DF-970C-4DFA-B7E3-6F57A283A371}.Debug|x86.ActiveCfg = Debug|Any CPU
		{6A58E0DF-970C-4DFA-B7E3-6F57A283A371}.Debug|x86.Build.0 = Debug|Any CPU
		{6A58E0DF-970C-4DFA-B7E3-6F57A283A371}.Release|x86.ActiveCfg = Release|Any CPU
		{6A58E0DF-970C-4DFA-B7E3-6F57A283A371}.Release|x86.Build.0 = Release|Any CPU
		{77812BE6-3292-4211-AF0A-E9E6B9978652}.Debug|x86.ActiveCfg = Debug|x86
		{77812BE6-3292-4211-AF0A-E9E6B9978652}.Debug|x86.Build.0 = Debug|x86
		{77812BE6-3292-4211-AF0A-E9E6B9978652}.Release|x86.ActiveCfg = Release|x86
		{77812BE6-3292-4211-AF0A-E9E6B9978652}.Release|x86.Build.0 = Release|x86
		{D2317E65-70CE-4367-B1A7-211FD6044720}.Debug|x86.ActiveCfg = Debug|Any CPU
		{D2317E65-70CE-4367-B1A7-211FD6044720}.Debug|x86.Build.0 = Debug|Any CPU
		{D2317E65-70CE-4367-B1A7-211FD6044720}.Release|x86.ActiveCfg = Release|Any CPU
		{D2317E65-70CE-4367-B1A7-211FD6044720}.Release|x86.Build.0 = Release|Any CPU
	EndGlobalSection
	GlobalSection(MonoDevelopProperties) = preSolution
		StartupItem = LPSClientSklad\LPSClientSklad.csproj
	EndGlobalSection
EndGlobal
